
Microsoft Visual Studio Solution File, Format Version 12.00
# Visual Studio 15
VisualStudioVersion = 15.0.26730.12
MinimumVisualStudioVersion = 10.0.40219.1
Project("{FAE04EC0-301F-11D3-BF4B-00C04F79EFBC}") = "SGU.Data", "SGU.Data\SGU.Data.csproj", "{F3684214-B8DA-48D1-A5A9-5FDDA17B1DB5}"
EndProject
Project("{FAE04EC0-301F-11D3-BF4B-00C04F79EFBC}") = "SGU.Service", "SGU.Service\SGU.Service.csproj", "{F27B65C5-8BF5-44F1-A642-F9F85CA6F282}"
EndProject
Project("{FAE04EC0-301F-11D3-BF4B-00C04F79EFBC}") = "SGU.WebService", "SGU.WebService\SGU.WebService.csproj", "{84134CC3-6D00-4538-8595-D48C1AC59FB0}"
EndProject
Global
	GlobalSection(SolutionConfigurationPlatforms) = preSolution
		Debug|Any CPU = Debug|Any CPU
		Release|Any CPU = Release|Any CPU
	EndGlobalSection
	GlobalSection(ProjectConfigurationPlatforms) = postSolution
		{F3684214-B8DA-48D1-A5A9-5FDDA17B1DB5}.Debug|Any CPU.ActiveCfg = Debug|Any CPU
		{F3684214-B8DA-48D1-A5A9-5FDDA17B1DB5}.Debug|Any CPU.Build.0 = Debug|Any CPU
		{F3684214-B8DA-48D1-A5A9-5FDDA17B1DB5}.Release|Any CPU.ActiveCfg = Release|Any CPU
		{F3684214-B8DA-48D1-A5A9-5FDDA17B1DB5}.Release|Any CPU.Build.0 = Release|Any CPU
		{F27B65C5-8BF5-44F1-A642-F9F85CA6F282}.Debug|Any CPU.ActiveCfg = Debug|Any CPU
		{F27B65C5-8BF5-44F1-A642-F9F85CA6F282}.Debug|Any CPU.Build.0 = Debug|Any CPU
		{F27B65C5-8BF5-44F1-A642-F9F85CA6F282}.Release|Any CPU.ActiveCfg = Release|Any CPU
		{F27B65C5-8BF5-44F1-A642-F9F85CA6F282}.Release|Any CPU.Build.0 = Release|Any CPU
		{84134CC3-6D00-4538-8595-D48C1AC59FB0}.Debug|Any CPU.ActiveCfg = Debug|Any CPU
		{84134CC3-6D00-4538-8595-D48C1AC59FB0}.Debug|Any CPU.Build.0 = Debug|Any CPU
		{84134CC3-6D00-4538-8595-D48C1AC59FB0}.Release|Any CPU.ActiveCfg = Release|Any CPU
		{84134CC3-6D00-4538-8595-D48C1AC59FB0}.Release|Any CPU.Build.0 = Release|Any CPU
	EndGlobalSection
	GlobalSection(SolutionProperties) = preSolution
		HideSolutionNode = FALSE
	EndGlobalSection
	GlobalSection(ExtensibilityGlobals) = postSolution
		SolutionGuid = {B2123662-7A6A-4CC3-BA75-01DF8CA57FA3}
	EndGlobalSection
EndGlobal
